// !$*UTF8*$!
{
	archiveVersion = 1;
	classes = {
	};
	objectVersion = 48;
	objects = {

/* Begin PBXBuildFile section */
		16DC54C9097FDE00D48B1D87 /* libPods-Nicola.a in Frameworks */ = {isa = PBXBuildFile; fileRef = 09CC929AD19CFDD89588A0A0 /* libPods-Nicola.a */; };
		8401AD6720B55C7A00B5F3C0 /* ClubHistoryViewController.m in Sources */ = {isa = PBXBuildFile; fileRef = 8401AD6620B55C7A00B5F3C0 /* ClubHistoryViewController.m */; };
		8401AD6B20B55CCB00B5F3C0 /* EventViewController.m in Sources */ = {isa = PBXBuildFile; fileRef = 8401AD6A20B55CCB00B5F3C0 /* EventViewController.m */; };
		8401AD6E20B5667C00B5F3C0 /* EventTableViewCell.m in Sources */ = {isa = PBXBuildFile; fileRef = 8401AD6D20B5667B00B5F3C0 /* EventTableViewCell.m */; };
		8478BAAC20AABA530076919D /* NewsViewController.m in Sources */ = {isa = PBXBuildFile; fileRef = 8478BAAB20AABA530076919D /* NewsViewController.m */; };
		8478BAAE20AABA6E0076919D /* NewsHeader.xib in Resources */ = {isa = PBXBuildFile; fileRef = 8478BAAD20AABA6E0076919D /* NewsHeader.xib */; };
		8478BAB120AABA8F0076919D /* NewsHeader.m in Sources */ = {isa = PBXBuildFile; fileRef = 8478BAB020AABA8F0076919D /* NewsHeader.m */; };
		8478BAB420AABB600076919D /* NewsTableViewCell.m in Sources */ = {isa = PBXBuildFile; fileRef = 8478BAB320AABB600076919D /* NewsTableViewCell.m */; };
		8478BAB820AAC4440076919D /* RHWebServiceManager.m in Sources */ = {isa = PBXBuildFile; fileRef = 8478BAB720AAC4440076919D /* RHWebServiceManager.m */; };
		8478BABB20AAC49D0076919D /* NewsObject.m in Sources */ = {isa = PBXBuildFile; fileRef = 8478BABA20AAC49D0076919D /* NewsObject.m */; };
		8478BABE20AACB010076919D /* NewsDetailsViewController.m in Sources */ = {isa = PBXBuildFile; fileRef = 8478BABD20AACB010076919D /* NewsDetailsViewController.m */; };
		8478BAC120AACB2B0076919D /* NewsDetailsTableViewCell.m in Sources */ = {isa = PBXBuildFile; fileRef = 8478BAC020AACB2B0076919D /* NewsDetailsTableViewCell.m */; };
		84C428E520A4213000736E42 /* HomeViewController.m in Sources */ = {isa = PBXBuildFile; fileRef = 84C428E420A4213000736E42 /* HomeViewController.m */; };
		BB7932A020970C2600FF0F55 /* AppDelegate.m in Sources */ = {isa = PBXBuildFile; fileRef = BB79329F20970C2600FF0F55 /* AppDelegate.m */; };
		BB7932A320970C2600FF0F55 /* ViewController.m in Sources */ = {isa = PBXBuildFile; fileRef = BB7932A220970C2600FF0F55 /* ViewController.m */; };
		BB7932A620970C2600FF0F55 /* Main.storyboard in Resources */ = {isa = PBXBuildFile; fileRef = BB7932A420970C2600FF0F55 /* Main.storyboard */; };
		BB7932A920970C2600FF0F55 /* Nicola.xcdatamodeld in Sources */ = {isa = PBXBuildFile; fileRef = BB7932A720970C2600FF0F55 /* Nicola.xcdatamodeld */; };
		BB7932AB20970C2600FF0F55 /* Assets.xcassets in Resources */ = {isa = PBXBuildFile; fileRef = BB7932AA20970C2600FF0F55 /* Assets.xcassets */; };
		BB7932AE20970C2600FF0F55 /* LaunchScreen.storyboard in Resources */ = {isa = PBXBuildFile; fileRef = BB7932AC20970C2600FF0F55 /* LaunchScreen.storyboard */; };
		BB7932B120970C2600FF0F55 /* main.m in Sources */ = {isa = PBXBuildFile; fileRef = BB7932B020970C2600FF0F55 /* main.m */; };
/* End PBXBuildFile section */

/* Begin PBXFileReference section */
		09CC929AD19CFDD89588A0A0 /* libPods-Nicola.a */ = {isa = PBXFileReference; explicitFileType = archive.ar; includeInIndex = 0; path = "libPods-Nicola.a"; sourceTree = BUILT_PRODUCTS_DIR; };
		3C9DE0CDD701F679A82AB9E0 /* Pods-Nicola.release.xcconfig */ = {isa = PBXFileReference; includeInIndex = 1; lastKnownFileType = text.xcconfig; name = "Pods-Nicola.release.xcconfig"; path = "Pods/Target Support Files/Pods-Nicola/Pods-Nicola.release.xcconfig"; sourceTree = "<group>"; };
		5711034159D6D14D12BC5D39 /* Pods-Nicola.debug.xcconfig */ = {isa = PBXFileReference; includeInIndex = 1; lastKnownFileType = text.xcconfig; name = "Pods-Nicola.debug.xcconfig"; path = "Pods/Target Support Files/Pods-Nicola/Pods-Nicola.debug.xcconfig"; sourceTree = "<group>"; };
		8401AD6520B55C7A00B5F3C0 /* ClubHistoryViewController.h */ = {isa = PBXFileReference; lastKnownFileType = sourcecode.c.h; path = ClubHistoryViewController.h; sourceTree = "<group>"; };
		8401AD6620B55C7A00B5F3C0 /* ClubHistoryViewController.m */ = {isa = PBXFileReference; lastKnownFileType = sourcecode.c.objc; path = ClubHistoryViewController.m; sourceTree = "<group>"; };
		8401AD6920B55CCB00B5F3C0 /* EventViewController.h */ = {isa = PBXFileReference; lastKnownFileType = sourcecode.c.h; path = EventViewController.h; sourceTree = "<group>"; };
		8401AD6A20B55CCB00B5F3C0 /* EventViewController.m */ = {isa = PBXFileReference; lastKnownFileType = sourcecode.c.objc; path = EventViewController.m; sourceTree = "<group>"; };
		8401AD6C20B5667B00B5F3C0 /* EventTableViewCell.h */ = {isa = PBXFileReference; lastKnownFileType = sourcecode.c.h; path = EventTableViewCell.h; sourceTree = "<group>"; };
		8401AD6D20B5667B00B5F3C0 /* EventTableViewCell.m */ = {isa = PBXFileReference; lastKnownFileType = sourcecode.c.objc; path = EventTableViewCell.m; sourceTree = "<group>"; };
		8478BAAA20AABA530076919D /* NewsViewController.h */ = {isa = PBXFileReference; lastKnownFileType = sourcecode.c.h; path = NewsViewController.h; sourceTree = "<group>"; };
		8478BAAB20AABA530076919D /* NewsViewController.m */ = {isa = PBXFileReference; lastKnownFileType = sourcecode.c.objc; path = NewsViewController.m; sourceTree = "<group>"; };
		8478BAAD20AABA6E0076919D /* NewsHeader.xib */ = {isa = PBXFileReference; lastKnownFileType = file.xib; path = NewsHeader.xib; sourceTree = "<group>"; };
		8478BAAF20AABA8F0076919D /* NewsHeader.h */ = {isa = PBXFileReference; lastKnownFileType = sourcecode.c.h; path = NewsHeader.h; sourceTree = "<group>"; };
		8478BAB020AABA8F0076919D /* NewsHeader.m */ = {isa = PBXFileReference; lastKnownFileType = sourcecode.c.objc; path = NewsHeader.m; sourceTree = "<group>"; };
		8478BAB220AABB600076919D /* NewsTableViewCell.h */ = {isa = PBXFileReference; lastKnownFileType = sourcecode.c.h; path = NewsTableViewCell.h; sourceTree = "<group>"; };
		8478BAB320AABB600076919D /* NewsTableViewCell.m */ = {isa = PBXFileReference; lastKnownFileType = sourcecode.c.objc; path = NewsTableViewCell.m; sourceTree = "<group>"; };
		8478BAB620AAC4430076919D /* RHWebServiceManager.h */ = {isa = PBXFileReference; fileEncoding = 4; lastKnownFileType = sourcecode.c.h; path = RHWebServiceManager.h; sourceTree = "<group>"; };
		8478BAB720AAC4440076919D /* RHWebServiceManager.m */ = {isa = PBXFileReference; fileEncoding = 4; lastKnownFileType = sourcecode.c.objc; path = RHWebServiceManager.m; sourceTree = "<group>"; };
		8478BAB920AAC49D0076919D /* NewsObject.h */ = {isa = PBXFileReference; lastKnownFileType = sourcecode.c.h; path = NewsObject.h; sourceTree = "<group>"; };
		8478BABA20AAC49D0076919D /* NewsObject.m */ = {isa = PBXFileReference; lastKnownFileType = sourcecode.c.objc; path = NewsObject.m; sourceTree = "<group>"; };
		8478BABC20AACB010076919D /* NewsDetailsViewController.h */ = {isa = PBXFileReference; lastKnownFileType = sourcecode.c.h; path = NewsDetailsViewController.h; sourceTree = "<group>"; };
		8478BABD20AACB010076919D /* NewsDetailsViewController.m */ = {isa = PBXFileReference; lastKnownFileType = sourcecode.c.objc; path = NewsDetailsViewController.m; sourceTree = "<group>"; };
		8478BABF20AACB2B0076919D /* NewsDetailsTableViewCell.h */ = {isa = PBXFileReference; lastKnownFileType = sourcecode.c.h; path = NewsDetailsTableViewCell.h; sourceTree = "<group>"; };
		8478BAC020AACB2B0076919D /* NewsDetailsTableViewCell.m */ = {isa = PBXFileReference; lastKnownFileType = sourcecode.c.objc; path = NewsDetailsTableViewCell.m; sourceTree = "<group>"; };
		84C428E320A4213000736E42 /* HomeViewController.h */ = {isa = PBXFileReference; lastKnownFileType = sourcecode.c.h; path = HomeViewController.h; sourceTree = "<group>"; };
		84C428E420A4213000736E42 /* HomeViewController.m */ = {isa = PBXFileReference; lastKnownFileType = sourcecode.c.objc; path = HomeViewController.m; sourceTree = "<group>"; };
		BB79329B20970C2600FF0F55 /* Nicola.app */ = {isa = PBXFileReference; explicitFileType = wrapper.application; includeInIndex = 0; path = Nicola.app; sourceTree = BUILT_PRODUCTS_DIR; };
		BB79329E20970C2600FF0F55 /* AppDelegate.h */ = {isa = PBXFileReference; lastKnownFileType = sourcecode.c.h; path = AppDelegate.h; sourceTree = "<group>"; };
		BB79329F20970C2600FF0F55 /* AppDelegate.m */ = {isa = PBXFileReference; lastKnownFileType = sourcecode.c.objc; path = AppDelegate.m; sourceTree = "<group>"; };
		BB7932A120970C2600FF0F55 /* ViewController.h */ = {isa = PBXFileReference; lastKnownFileType = sourcecode.c.h; path = ViewController.h; sourceTree = "<group>"; };
		BB7932A220970C2600FF0F55 /* ViewController.m */ = {isa = PBXFileReference; lastKnownFileType = sourcecode.c.objc; path = ViewController.m; sourceTree = "<group>"; };
		BB7932A520970C2600FF0F55 /* Base */ = {isa = PBXFileReference; lastKnownFileType = file.storyboard; name = Base; path = Base.lproj/Main.storyboard; sourceTree = "<group>"; };
		BB7932A820970C2600FF0F55 /* Nicola.xcdatamodel */ = {isa = PBXFileReference; lastKnownFileType = wrapper.xcdatamodel; path = Nicola.xcdatamodel; sourceTree = "<group>"; };
		BB7932AA20970C2600FF0F55 /* Assets.xcassets */ = {isa = PBXFileReference; lastKnownFileType = folder.assetcatalog; path = Assets.xcassets; sourceTree = "<group>"; };
		BB7932AD20970C2600FF0F55 /* Base */ = {isa = PBXFileReference; lastKnownFileType = file.storyboard; name = Base; path = Base.lproj/LaunchScreen.storyboard; sourceTree = "<group>"; };
		BB7932AF20970C2600FF0F55 /* Info.plist */ = {isa = PBXFileReference; lastKnownFileType = text.plist.xml; path = Info.plist; sourceTree = "<group>"; };
		BB7932B020970C2600FF0F55 /* main.m */ = {isa = PBXFileReference; lastKnownFileType = sourcecode.c.objc; path = main.m; sourceTree = "<group>"; };
/* End PBXFileReference section */

/* Begin PBXFrameworksBuildPhase section */
		BB79329820970C2600FF0F55 /* Frameworks */ = {
			isa = PBXFrameworksBuildPhase;
			buildActionMask = 2147483647;
			files = (
				16DC54C9097FDE00D48B1D87 /* libPods-Nicola.a in Frameworks */,
			);
			runOnlyForDeploymentPostprocessing = 0;
		};
/* End PBXFrameworksBuildPhase section */

/* Begin PBXGroup section */
		3672C5F10AEE839E30582FF9 /* Pods */ = {
			isa = PBXGroup;
			children = (
				5711034159D6D14D12BC5D39 /* Pods-Nicola.debug.xcconfig */,
				3C9DE0CDD701F679A82AB9E0 /* Pods-Nicola.release.xcconfig */,
			);
			name = Pods;
			sourceTree = "<group>";
		};
		65AAFB8586E817FB9F8EFBA5 /* Frameworks */ = {
			isa = PBXGroup;
			children = (
				09CC929AD19CFDD89588A0A0 /* libPods-Nicola.a */,
			);
			name = Frameworks;
			sourceTree = "<group>";
		};
		8401AD6420B55C5200B5F3C0 /* Club history */ = {
			isa = PBXGroup;
			children = (
				8401AD6520B55C7A00B5F3C0 /* ClubHistoryViewController.h */,
				8401AD6620B55C7A00B5F3C0 /* ClubHistoryViewController.m */,
			);
			path = "Club history";
			sourceTree = "<group>";
		};
		8401AD6820B55CB500B5F3C0 /* Event */ = {
			isa = PBXGroup;
			children = (
				8401AD6920B55CCB00B5F3C0 /* EventViewController.h */,
				8401AD6A20B55CCB00B5F3C0 /* EventViewController.m */,
				8401AD6C20B5667B00B5F3C0 /* EventTableViewCell.h */,
				8401AD6D20B5667B00B5F3C0 /* EventTableViewCell.m */,
			);
			path = Event;
			sourceTree = "<group>";
		};
		8478BAB520AAC42C0076919D /* Webservice */ = {
			isa = PBXGroup;
			children = (
				8478BAB620AAC4430076919D /* RHWebServiceManager.h */,
				8478BAB720AAC4440076919D /* RHWebServiceManager.m */,
				8478BAB920AAC49D0076919D /* NewsObject.h */,
				8478BABA20AAC49D0076919D /* NewsObject.m */,
			);
			path = Webservice;
			sourceTree = "<group>";
		};
		848A3A5720AAAE7A00A85CC4 /* News */ = {
			isa = PBXGroup;
			children = (
				8478BAAA20AABA530076919D /* NewsViewController.h */,
				8478BAAB20AABA530076919D /* NewsViewController.m */,
				8478BAB220AABB600076919D /* NewsTableViewCell.h */,
				8478BAB320AABB600076919D /* NewsTableViewCell.m */,
				8478BAAF20AABA8F0076919D /* NewsHeader.h */,
				8478BAB020AABA8F0076919D /* NewsHeader.m */,
				8478BABC20AACB010076919D /* NewsDetailsViewController.h */,
				8478BABD20AACB010076919D /* NewsDetailsViewController.m */,
				8478BABF20AACB2B0076919D /* NewsDetailsTableViewCell.h */,
				8478BAC020AACB2B0076919D /* NewsDetailsTableViewCell.m */,
			);
			path = News;
			sourceTree = "<group>";
		};
		84C428E120A420F600736E42 /* Log in */ = {
			isa = PBXGroup;
			children = (
				BB7932A120970C2600FF0F55 /* ViewController.h */,
				BB7932A220970C2600FF0F55 /* ViewController.m */,
			);
			path = "Log in";
			sourceTree = "<group>";
		};
		84C428E220A4211100736E42 /* Home */ = {
			isa = PBXGroup;
			children = (
				84C428E320A4213000736E42 /* HomeViewController.h */,
				84C428E420A4213000736E42 /* HomeViewController.m */,
			);
			path = Home;
			sourceTree = "<group>";
		};
		BB79329220970C2600FF0F55 = {
			isa = PBXGroup;
			children = (
				BB79329D20970C2600FF0F55 /* Nicola */,
				BB79329C20970C2600FF0F55 /* Products */,
				3672C5F10AEE839E30582FF9 /* Pods */,
				65AAFB8586E817FB9F8EFBA5 /* Frameworks */,
			);
			sourceTree = "<group>";
		};
		BB79329C20970C2600FF0F55 /* Products */ = {
			isa = PBXGroup;
			children = (
				BB79329B20970C2600FF0F55 /* Nicola.app */,
			);
			name = Products;
			sourceTree = "<group>";
		};
		BB79329D20970C2600FF0F55 /* Nicola */ = {
			isa = PBXGroup;
			children = (
				BB79329E20970C2600FF0F55 /* AppDelegate.h */,
				BB79329F20970C2600FF0F55 /* AppDelegate.m */,
				8478BAB520AAC42C0076919D /* Webservice */,
				84C428E120A420F600736E42 /* Log in */,
				84C428E220A4211100736E42 /* Home */,
				848A3A5720AAAE7A00A85CC4 /* News */,
				8401AD6420B55C5200B5F3C0 /* Club history */,
				8401AD6820B55CB500B5F3C0 /* Event */,
				BB7932A420970C2600FF0F55 /* Main.storyboard */,
				8478BAAD20AABA6E0076919D /* NewsHeader.xib */,
				BB7932AA20970C2600FF0F55 /* Assets.xcassets */,
				BB7932AC20970C2600FF0F55 /* LaunchScreen.storyboard */,
				BB7932AF20970C2600FF0F55 /* Info.plist */,
				BB7932B020970C2600FF0F55 /* main.m */,
				BB7932A720970C2600FF0F55 /* Nicola.xcdatamodeld */,
			);
			path = Nicola;
			sourceTree = "<group>";
		};
/* End PBXGroup section */

/* Begin PBXNativeTarget section */
		BB79329A20970C2600FF0F55 /* Nicola */ = {
			isa = PBXNativeTarget;
			buildConfigurationList = BB7932B420970C2600FF0F55 /* Build configuration list for PBXNativeTarget "Nicola" */;
			buildPhases = (
				1480C18F318CF6AAF86269EC /* [CP] Check Pods Manifest.lock */,
				BB79329720970C2600FF0F55 /* Sources */,
				BB79329820970C2600FF0F55 /* Frameworks */,
				BB79329920970C2600FF0F55 /* Resources */,
				59F84B6C8C4DB494967E7FEA /* [CP] Embed Pods Frameworks */,
				B7E7C4DFF25AF4705C366E6F /* [CP] Copy Pods Resources */,
			);
			buildRules = (
			);
			dependencies = (
			);
			name = Nicola;
			productName = Nicola;
			productReference = BB79329B20970C2600FF0F55 /* Nicola.app */;
			productType = "com.apple.product-type.application";
		};
/* End PBXNativeTarget section */

/* Begin PBXProject section */
		BB79329320970C2600FF0F55 /* Project object */ = {
			isa = PBXProject;
			attributes = {
				LastUpgradeCheck = 0900;
				ORGANIZATIONNAME = "Rafay Hasan";
				TargetAttributes = {
					BB79329A20970C2600FF0F55 = {
						CreatedOnToolsVersion = 9.0;
						ProvisioningStyle = Manual;
					};
				};
			};
			buildConfigurationList = BB79329620970C2600FF0F55 /* Build configuration list for PBXProject "Nicola" */;
			compatibilityVersion = "Xcode 8.0";
			developmentRegion = en;
			hasScannedForEncodings = 0;
			knownRegions = (
				en,
				Base,
			);
			mainGroup = BB79329220970C2600FF0F55;
			productRefGroup = BB79329C20970C2600FF0F55 /* Products */;
			projectDirPath = "";
			projectRoot = "";
			targets = (
				BB79329A20970C2600FF0F55 /* Nicola */,
			);
		};
/* End PBXProject section */

/* Begin PBXResourcesBuildPhase section */
		BB79329920970C2600FF0F55 /* Resources */ = {
			isa = PBXResourcesBuildPhase;
			buildActionMask = 2147483647;
			files = (
				BB7932AE20970C2600FF0F55 /* LaunchScreen.storyboard in Resources */,
				8478BAAE20AABA6E0076919D /* NewsHeader.xib in Resources */,
				BB7932AB20970C2600FF0F55 /* Assets.xcassets in Resources */,
				BB7932A620970C2600FF0F55 /* Main.storyboard in Resources */,
			);
			runOnlyForDeploymentPostprocessing = 0;
		};
/* End PBXResourcesBuildPhase section */

/* Begin PBXShellScriptBuildPhase section */
		1480C18F318CF6AAF86269EC /* [CP] Check Pods Manifest.lock */ = {
			isa = PBXShellScriptBuildPhase;
			buildActionMask = 2147483647;
			files = (
			);
			inputPaths = (
				"${PODS_PODFILE_DIR_PATH}/Podfile.lock",
				"${PODS_ROOT}/Manifest.lock",
			);
			name = "[CP] Check Pods Manifest.lock";
			outputPaths = (
				"$(DERIVED_FILE_DIR)/Pods-Nicola-checkManifestLockResult.txt",
			);
			runOnlyForDeploymentPostprocessing = 0;
			shellPath = /bin/sh;
			shellScript = "diff \"${PODS_PODFILE_DIR_PATH}/Podfile.lock\" \"${PODS_ROOT}/Manifest.lock\" > /dev/null\nif [ $? != 0 ] ; then\n    # print error to STDERR\n    echo \"error: The sandbox is not in sync with the Podfile.lock. Run 'pod install' or update your CocoaPods installation.\" >&2\n    exit 1\nfi\n# This output is used by Xcode 'outputs' to avoid re-running this script phase.\necho \"SUCCESS\" > \"${SCRIPT_OUTPUT_FILE_0}\"\n";
			showEnvVarsInLog = 0;
		};
		59F84B6C8C4DB494967E7FEA /* [CP] Embed Pods Frameworks */ = {
			isa = PBXShellScriptBuildPhase;
			buildActionMask = 2147483647;
			files = (
			);
			inputPaths = (
			);
			name = "[CP] Embed Pods Frameworks";
			outputPaths = (
			);
			runOnlyForDeploymentPostprocessing = 0;
			shellPath = /bin/sh;
			shellScript = "\"${SRCROOT}/Pods/Target Support Files/Pods-Nicola/Pods-Nicola-frameworks.sh\"\n";
			showEnvVarsInLog = 0;
		};
		B7E7C4DFF25AF4705C366E6F /* [CP] Copy Pods Resources */ = {
			isa = PBXShellScriptBuildPhase;
			buildActionMask = 2147483647;
			files = (
			);
			inputPaths = (
				"${SRCROOT}/Pods/Target Support Files/Pods-Nicola/Pods-Nicola-resources.sh",
				"${PODS_ROOT}/IQKeyboardManager/IQKeyboardManager/Resources/IQKeyboardManager.bundle",
				"${PODS_ROOT}/SVProgressHUD/SVProgressHUD/SVProgressHUD.bundle",
			);
			name = "[CP] Copy Pods Resources";
			outputPaths = (
				"${TARGET_BUILD_DIR}/${UNLOCALIZED_RESOURCES_FOLDER_PATH}",
			);
			runOnlyForDeploymentPostprocessing = 0;
			shellPath = /bin/sh;
			shellScript = "\"${SRCROOT}/Pods/Target Support Files/Pods-Nicola/Pods-Nicola-resources.sh\"\n";
			showEnvVarsInLog = 0;
		};
/* End PBXShellScriptBuildPhase section */

/* Begin PBXSourcesBuildPhase section */
		BB79329720970C2600FF0F55 /* Sources */ = {
			isa = PBXSourcesBuildPhase;
			buildActionMask = 2147483647;
			files = (
				BB7932A320970C2600FF0F55 /* ViewController.m in Sources */,
				8478BABB20AAC49D0076919D /* NewsObject.m in Sources */,
				8478BABE20AACB010076919D /* NewsDetailsViewController.m in Sources */,
				8401AD6B20B55CCB00B5F3C0 /* EventViewController.m in Sources */,
				BB7932A020970C2600FF0F55 /* AppDelegate.m in Sources */,
				BB7932B120970C2600FF0F55 /* main.m in Sources */,
				8478BAAC20AABA530076919D /* NewsViewController.m in Sources */,
				8401AD6720B55C7A00B5F3C0 /* ClubHistoryViewController.m in Sources */,
				84C428E520A4213000736E42 /* HomeViewController.m in Sources */,
				8478BAC120AACB2B0076919D /* NewsDetailsTableViewCell.m in Sources */,
				8478BAB820AAC4440076919D /* RHWebServiceManager.m in Sources */,
				BB7932A920970C2600FF0F55 /* Nicola.xcdatamodeld in Sources */,
				8478BAB420AABB600076919D /* NewsTableViewCell.m in Sources */,
				8478BAB120AABA8F0076919D /* NewsHeader.m in Sources */,
				8401AD6E20B5667C00B5F3C0 /* EventTableViewCell.m in Sources */,
			);
			runOnlyForDeploymentPostprocessing = 0;
		};
/* End PBXSourcesBuildPhase section */

/* Begin PBXVariantGroup section */
		BB7932A420970C2600FF0F55 /* Main.storyboard */ = {
			isa = PBXVariantGroup;
			children = (
				BB7932A520970C2600FF0F55 /* Base */,
			);
			name = Main.storyboard;
			sourceTree = "<group>";
		};
		BB7932AC20970C2600FF0F55 /* LaunchScreen.storyboard */ = {
			isa = PBXVariantGroup;
			children = (
				BB7932AD20970C2600FF0F55 /* Base */,
			);
			name = LaunchScreen.storyboard;
			sourceTree = "<group>";
		};
/* End PBXVariantGroup section */

/* Begin XCBuildConfiguration section */
		BB7932B220970C2600FF0F55 /* Debug */ = {
			isa = XCBuildConfiguration;
			buildSettings = {
				ALWAYS_SEARCH_USER_PATHS = NO;
				CLANG_ANALYZER_NONNULL = YES;
				CLANG_ANALYZER_NUMBER_OBJECT_CONVERSION = YES_AGGRESSIVE;
				CLANG_CXX_LANGUAGE_STANDARD = "gnu++14";
				CLANG_CXX_LIBRARY = "libc++";
				CLANG_ENABLE_MODULES = YES;
				CLANG_ENABLE_OBJC_ARC = YES;
				CLANG_WARN_BLOCK_CAPTURE_AUTORELEASING = YES;
				CLANG_WARN_BOOL_CONVERSION = YES;
				CLANG_WARN_COMMA = YES;
				CLANG_WARN_CONSTANT_CONVERSION = YES;
				CLANG_WARN_DIRECT_OBJC_ISA_USAGE = YES_ERROR;
				CLANG_WARN_DOCUMENTATION_COMMENTS = YES;
				CLANG_WARN_EMPTY_BODY = YES;
				CLANG_WARN_ENUM_CONVERSION = YES;
				CLANG_WARN_INFINITE_RECURSION = YES;
				CLANG_WARN_INT_CONVERSION = YES;
				CLANG_WARN_NON_LITERAL_NULL_CONVERSION = YES;
				CLANG_WARN_OBJC_LITERAL_CONVERSION = YES;
				CLANG_WARN_OBJC_ROOT_CLASS = YES_ERROR;
				CLANG_WARN_RANGE_LOOP_ANALYSIS = YES;
				CLANG_WARN_STRICT_PROTOTYPES = YES;
				CLANG_WARN_SUSPICIOUS_MOVE = YES;
				CLANG_WARN_UNGUARDED_AVAILABILITY = YES_AGGRESSIVE;
				CLANG_WARN_UNREACHABLE_CODE = YES;
				CLANG_WARN__DUPLICATE_METHOD_MATCH = YES;
				CODE_SIGN_IDENTITY = "iPhone Developer";
				COPY_PHASE_STRIP = NO;
				DEBUG_INFORMATION_FORMAT = dwarf;
				ENABLE_STRICT_OBJC_MSGSEND = YES;
				ENABLE_TESTABILITY = YES;
				GCC_C_LANGUAGE_STANDARD = gnu11;
				GCC_DYNAMIC_NO_PIC = NO;
				GCC_NO_COMMON_BLOCKS = YES;
				GCC_OPTIMIZATION_LEVEL = 0;
				GCC_PREPROCESSOR_DEFINITIONS = (
					"DEBUG=1",
					"$(inherited)",
				);
				GCC_WARN_64_TO_32_BIT_CONVERSION = YES;
				GCC_WARN_ABOUT_RETURN_TYPE = YES_ERROR;
				GCC_WARN_UNDECLARED_SELECTOR = YES;
				GCC_WARN_UNINITIALIZED_AUTOS = YES_AGGRESSIVE;
				GCC_WARN_UNUSED_FUNCTION = YES;
				GCC_WARN_UNUSED_VARIABLE = YES;
				IPHONEOS_DEPLOYMENT_TARGET = 11.0;
				MTL_ENABLE_DEBUG_INFO = YES;
				ONLY_ACTIVE_ARCH = YES;
				SDKROOT = iphoneos;
			};
			name = Debug;
		};
		BB7932B320970C2600FF0F55 /* Release */ = {
			isa = XCBuildConfiguration;
			buildSettings = {
				ALWAYS_SEARCH_USER_PATHS = NO;
				CLANG_ANALYZER_NONNULL = YES;
				CLANG_ANALYZER_NUMBER_OBJECT_CONVERSION = YES_AGGRESSIVE;
				CLANG_CXX_LANGUAGE_STANDARD = "gnu++14";
				CLANG_CXX_LIBRARY = "libc++";
				CLANG_ENABLE_MODULES = YES;
				CLANG_ENABLE_OBJC_ARC = YES;
				CLANG_WARN_BLOCK_CAPTURE_AUTORELEASING = YES;
				CLANG_WARN_BOOL_CONVERSION = YES;
				CLANG_WARN_COMMA = YES;
				CLANG_WARN_CONSTANT_CONVERSION = YES;
				CLANG_WARN_DIRECT_OBJC_ISA_USAGE = YES_ERROR;
				CLANG_WARN_DOCUMENTATION_COMMENTS = YES;
				CLANG_WARN_EMPTY_BODY = YES;
				CLANG_WARN_ENUM_CONVERSION = YES;
				CLANG_WARN_INFINITE_RECURSION = YES;
				CLANG_WARN_INT_CONVERSION = YES;
				CLANG_WARN_NON_LITERAL_NULL_CONVERSION = YES;
				CLANG_WARN_OBJC_LITERAL_CONVERSION = YES;
				CLANG_WARN_OBJC_ROOT_CLASS = YES_ERROR;
				CLANG_WARN_RANGE_LOOP_ANALYSIS = YES;
				CLANG_WARN_STRICT_PROTOTYPES = YES;
				CLANG_WARN_SUSPICIOUS_MOVE = YES;
				CLANG_WARN_UNGUARDED_AVAILABILITY = YES_AGGRESSIVE;
				CLANG_WARN_UNREACHABLE_CODE = YES;
				CLANG_WARN__DUPLICATE_METHOD_MATCH = YES;
				CODE_SIGN_IDENTITY = "iPhone Developer";
				COPY_PHASE_STRIP = NO;
				DEBUG_INFORMATION_FORMAT = "dwarf-with-dsym";
				ENABLE_NS_ASSERTIONS = NO;
				ENABLE_STRICT_OBJC_MSGSEND = YES;
				GCC_C_LANGUAGE_STANDARD = gnu11;
				GCC_NO_COMMON_BLOCKS = YES;
				GCC_WARN_64_TO_32_BIT_CONVERSION = YES;
				GCC_WARN_ABOUT_RETURN_TYPE = YES_ERROR;
				GCC_WARN_UNDECLARED_SELECTOR = YES;
				GCC_WARN_UNINITIALIZED_AUTOS = YES_AGGRESSIVE;
				GCC_WARN_UNUSED_FUNCTION = YES;
				GCC_WARN_UNUSED_VARIABLE = YES;
				IPHONEOS_DEPLOYMENT_TARGET = 11.0;
				MTL_ENABLE_DEBUG_INFO = NO;
				SDKROOT = iphoneos;
				VALIDATE_PRODUCT = YES;
			};
			name = Release;
		};
		BB7932B520970C2600FF0F55 /* Debug */ = {
			isa = XCBuildConfiguration;
			baseConfigurationReference = 5711034159D6D14D12BC5D39 /* Pods-Nicola.debug.xcconfig */;
			buildSettings = {
				ASSETCATALOG_COMPILER_APPICON_NAME = AppIcon;
				CODE_SIGN_STYLE = Manual;
				DEVELOPMENT_TEAM = 79YLMQ62DM;
				INFOPLIST_FILE = Nicola/Info.plist;
				IPHONEOS_DEPLOYMENT_TARGET = 9.0;
				LD_RUNPATH_SEARCH_PATHS = "$(inherited) @executable_path/Frameworks";
				PRODUCT_BUNDLE_IDENTIFIER = com.nascenia.mcpdebug;
				PRODUCT_NAME = "$(TARGET_NAME)";
				PROVISIONING_PROFILE = "14ad0db3-2cef-4865-83a0-89127c6ae1b5";
				PROVISIONING_PROFILE_SPECIFIER = "MCP Debug";
				TARGETED_DEVICE_FAMILY = "1,2";
			};
			name = Debug;
		};
		BB7932B620970C2600FF0F55 /* Release */ = {
			isa = XCBuildConfiguration;
			baseConfigurationReference = 3C9DE0CDD701F679A82AB9E0 /* Pods-Nicola.release.xcconfig */;
			buildSettings = {
				ASSETCATALOG_COMPILER_APPICON_NAME = AppIcon;
				CODE_SIGN_STYLE = Manual;
				DEVELOPMENT_TEAM = 79YLMQ62DM;
				INFOPLIST_FILE = Nicola/Info.plist;
				IPHONEOS_DEPLOYMENT_TARGET = 9.0;
				LD_RUNPATH_SEARCH_PATHS = "$(inherited) @executable_path/Frameworks";
				PRODUCT_BUNDLE_IDENTIFIER = com.nascenia.mcpdebug;
				PRODUCT_NAME = "$(TARGET_NAME)";
				PROVISIONING_PROFILE = "14ad0db3-2cef-4865-83a0-89127c6ae1b5";
				PROVISIONING_PROFILE_SPECIFIER = "MCP Debug";
				TARGETED_DEVICE_FAMILY = "1,2";
			};
			name = Release;
		};
/* End XCBuildConfiguration section */

/* Begin XCConfigurationList section */
		BB79329620970C2600FF0F55 /* Build configuration list for PBXProject "Nicola" */ = {
			isa = XCConfigurationList;
			buildConfigurations = (
				BB7932B220970C2600FF0F55 /* Debug */,
				BB7932B320970C2600FF0F55 /* Release */,
			);
			defaultConfigurationIsVisible = 0;
			defaultConfigurationName = Release;
		};
		BB7932B420970C2600FF0F55 /* Build configuration list for PBXNativeTarget "Nicola" */ = {
			isa = XCConfigurationList;
			buildConfigurations = (
				BB7932B520970C2600FF0F55 /* Debug */,
				BB7932B620970C2600FF0F55 /* Release */,
			);
			defaultConfigurationIsVisible = 0;
			defaultConfigurationName = Release;
		};
/* End XCConfigurationList section */

/* Begin XCVersionGroup section */
		BB7932A720970C2600FF0F55 /* Nicola.xcdatamodeld */ = {
			isa = XCVersionGroup;
			children = (
				BB7932A820970C2600FF0F55 /* Nicola.xcdatamodel */,
			);
			currentVersion = BB7932A820970C2600FF0F55 /* Nicola.xcdatamodel */;
			path = Nicola.xcdatamodeld;
			sourceTree = "<group>";
			versionGroupType = wrapper.xcdatamodel;
		};
/* End XCVersionGroup section */
	};
	rootObject = BB79329320970C2600FF0F55 /* Project object */;
}
